
Microsoft Visual Studio Solution File, Format Version 12.00
# Visual Studio Version 17
VisualStudioVersion = 17.0.32112.339
MinimumVisualStudioVersion = 10.0.40219.1
Project("{FAE04EC0-301F-11D3-BF4B-00C04F79EFBC}") = "PassionProject-RecipeBookApp-AkshayaDupati", "PassionProject-RecipeBookApp-AkshayaDupati\PassionProject-RecipeBookApp-AkshayaDupati.csproj", "{A5169456-297C-4DB3-ACA7-D1698353C312}"
EndProject
Global
	GlobalSection(SolutionConfigurationPlatforms) = preSolution
		Debug|Any CPU = Debug|Any CPU
		Release|Any CPU = Release|Any CPU
	EndGlobalSection
	GlobalSection(ProjectConfigurationPlatforms) = postSolution
		{A5169456-297C-4DB3-ACA7-D1698353C312}.Debug|Any CPU.ActiveCfg = Debug|Any CPU
		{A5169456-297C-4DB3-ACA7-D1698353C312}.Debug|Any CPU.Build.0 = Debug|Any CPU
		{A5169456-297C-4DB3-ACA7-D1698353C312}.Release|Any CPU.ActiveCfg = Release|Any CPU
		{A5169456-297C-4DB3-ACA7-D1698353C312}.Release|Any CPU.Build.0 = Release|Any CPU
	EndGlobalSection
	GlobalSection(SolutionProperties) = preSolution
		HideSolutionNode = FALSE
	EndGlobalSection
	GlobalSection(ExtensibilityGlobals) = postSolution
		SolutionGuid = {12E3EECB-B6B2-4F9C-A1C5-B4866CAFAA57}
	EndGlobalSection
EndGlobal
